// !$*UTF8*$!
{
	archiveVersion = 1;
	classes = {
	};
	objectVersion = 54;
	objects = {

/* Begin PBXBuildFile section */
		6B76305D23350D0300B7FE9B /* AppDelegate.swift in Sources */ = {isa = PBXBuildFile; fileRef = 6B76305C23350D0300B7FE9B /* AppDelegate.swift */; };
		6B76305F23350D0300B7FE9B /* SceneDelegate.swift in Sources */ = {isa = PBXBuildFile; fileRef = 6B76305E23350D0300B7FE9B /* SceneDelegate.swift */; };
		6B76306123350D0300B7FE9B /* ViewController.swift in Sources */ = {isa = PBXBuildFile; fileRef = 6B76306023350D0300B7FE9B /* ViewController.swift */; };
		6B76306423350D0300B7FE9B /* Main.storyboard in Resources */ = {isa = PBXBuildFile; fileRef = 6B76306223350D0300B7FE9B /* Main.storyboard */; };
		6B76306623350D0500B7FE9B /* Assets.xcassets in Resources */ = {isa = PBXBuildFile; fileRef = 6B76306523350D0500B7FE9B /* Assets.xcassets */; };
		6B76306923350D0500B7FE9B /* LaunchScreen.storyboard in Resources */ = {isa = PBXBuildFile; fileRef = 6B76306723350D0500B7FE9B /* LaunchScreen.storyboard */; };
		6B76307123350E8200B7FE9B /* image.png in Resources */ = {isa = PBXBuildFile; fileRef = 6B76307023350E8100B7FE9B /* image.png */; };
		C1AF61C2CDCD5EAE1AA2F4EC /* Pods_KRProgressHUDDemo.framework in Frameworks */ = {isa = PBXBuildFile; fileRef = 700B101137FE083F45BE1F94 /* Pods_KRProgressHUDDemo.framework */; };
/* End PBXBuildFile section */

/* Begin PBXFileReference section */
		6B76305923350D0300B7FE9B /* KRProgressHUDDemo.app */ = {isa = PBXFileReference; explicitFileType = wrapper.application; includeInIndex = 0; path = KRProgressHUDDemo.app; sourceTree = BUILT_PRODUCTS_DIR; };
		6B76305C23350D0300B7FE9B /* AppDelegate.swift */ = {isa = PBXFileReference; lastKnownFileType = sourcecode.swift; path = AppDelegate.swift; sourceTree = "<group>"; };
		6B76305E23350D0300B7FE9B /* SceneDelegate.swift */ = {isa = PBXFileReference; lastKnownFileType = sourcecode.swift; path = SceneDelegate.swift; sourceTree = "<group>"; };
		6B76306023350D0300B7FE9B /* ViewController.swift */ = {isa = PBXFileReference; lastKnownFileType = sourcecode.swift; path = ViewController.swift; sourceTree = "<group>"; };
		6B76306323350D0300B7FE9B /* Base */ = {isa = PBXFileReference; lastKnownFileType = file.storyboard; name = Base; path = Base.lproj/Main.storyboard; sourceTree = "<group>"; };
		6B76306523350D0500B7FE9B /* Assets.xcassets */ = {isa = PBXFileReference; lastKnownFileType = folder.assetcatalog; path = Assets.xcassets; sourceTree = "<group>"; };
		6B76306823350D0500B7FE9B /* Base */ = {isa = PBXFileReference; lastKnownFileType = file.storyboard; name = Base; path = Base.lproj/LaunchScreen.storyboard; sourceTree = "<group>"; };
		6B76306A23350D0500B7FE9B /* Info.plist */ = {isa = PBXFileReference; lastKnownFileType = text.plist.xml; path = Info.plist; sourceTree = "<group>"; };
		6B76307023350E8100B7FE9B /* image.png */ = {isa = PBXFileReference; lastKnownFileType = image.png; path = image.png; sourceTree = "<group>"; };
		700B101137FE083F45BE1F94 /* Pods_KRProgressHUDDemo.framework */ = {isa = PBXFileReference; explicitFileType = wrapper.framework; includeInIndex = 0; path = Pods_KRProgressHUDDemo.framework; sourceTree = BUILT_PRODUCTS_DIR; };
		994DC6EFFEA4B215AAD5F34F /* Pods-KRProgressHUDDemo.debug.xcconfig */ = {isa = PBXFileReference; includeInIndex = 1; lastKnownFileType = text.xcconfig; name = "Pods-KRProgressHUDDemo.debug.xcconfig"; path = "Target Support Files/Pods-KRProgressHUDDemo/Pods-KRProgressHUDDemo.debug.xcconfig"; sourceTree = "<group>"; };
		9DF5449C0CD963C59EE7D6BE /* Pods-KRProgressHUDDemo.release.xcconfig */ = {isa = PBXFileReference; includeInIndex = 1; lastKnownFileType = text.xcconfig; name = "Pods-KRProgressHUDDemo.release.xcconfig"; path = "Target Support Files/Pods-KRProgressHUDDemo/Pods-KRProgressHUDDemo.release.xcconfig"; sourceTree = "<group>"; };
/* End PBXFileReference section */

/* Begin PBXFrameworksBuildPhase section */
		6B76305623350D0300B7FE9B /* Frameworks */ = {
			isa = PBXFrameworksBuildPhase;
			buildActionMask = 2147483647;
			files = (
				C1AF61C2CDCD5EAE1AA2F4EC /* Pods_KRProgressHUDDemo.framework in Frameworks */,
			);
			runOnlyForDeploymentPostprocessing = 0;
		};
/* End PBXFrameworksBuildPhase section */

/* Begin PBXGroup section */
		1ECD73C341F5E9EC0A67B67D /* Pods */ = {
			isa = PBXGroup;
			children = (
				994DC6EFFEA4B215AAD5F34F /* Pods-KRProgressHUDDemo.debug.xcconfig */,
				9DF5449C0CD963C59EE7D6BE /* Pods-KRProgressHUDDemo.release.xcconfig */,
			);
			path = Pods;
			sourceTree = "<group>";
		};
		3B809754B1CFE11D7D4A7D07 /* Frameworks */ = {
			isa = PBXGroup;
			children = (
				700B101137FE083F45BE1F94 /* Pods_KRProgressHUDDemo.framework */,
			);
			name = Frameworks;
			sourceTree = "<group>";
		};
		6B76305023350D0300B7FE9B = {
			isa = PBXGroup;
			children = (
				6B76305B23350D0300B7FE9B /* KRProgressHUDDemo */,
				6B76305A23350D0300B7FE9B /* Products */,
				1ECD73C341F5E9EC0A67B67D /* Pods */,
				3B809754B1CFE11D7D4A7D07 /* Frameworks */,
			);
			sourceTree = "<group>";
		};
		6B76305A23350D0300B7FE9B /* Products */ = {
			isa = PBXGroup;
			children = (
				6B76305923350D0300B7FE9B /* KRProgressHUDDemo.app */,
			);
			name = Products;
			sourceTree = "<group>";
		};
		6B76305B23350D0300B7FE9B /* KRProgressHUDDemo */ = {
			isa = PBXGroup;
			children = (
				6B76305C23350D0300B7FE9B /* AppDelegate.swift */,
				6B76305E23350D0300B7FE9B /* SceneDelegate.swift */,
				6B76306023350D0300B7FE9B /* ViewController.swift */,
				6B76306223350D0300B7FE9B /* Main.storyboard */,
				6B76306523350D0500B7FE9B /* Assets.xcassets */,
				6B76306723350D0500B7FE9B /* LaunchScreen.storyboard */,
				6B76306A23350D0500B7FE9B /* Info.plist */,
				6B76307023350E8100B7FE9B /* image.png */,
			);
			path = KRProgressHUDDemo;
			sourceTree = "<group>";
		};
/* End PBXGroup section */

/* Begin PBXNativeTarget section */
		6B76305823350D0300B7FE9B /* KRProgressHUDDemo */ = {
			isa = PBXNativeTarget;
			buildConfigurationList = 6B76306D23350D0500B7FE9B /* Build configuration list for PBXNativeTarget "KRProgressHUDDemo" */;
			buildPhases = (
				EA5DB11A0B3644984D84FC43 /* [CP] Check Pods Manifest.lock */,
				6B76305523350D0300B7FE9B /* Sources */,
				6B76305623350D0300B7FE9B /* Frameworks */,
				6B76305723350D0300B7FE9B /* Resources */,
				856D6333C955BB2D984276C1 /* [CP] Embed Pods Frameworks */,
			);
			buildRules = (
			);
			dependencies = (
			);
			name = KRProgressHUDDemo;
			productName = KRProgressHUDDemo;
			productReference = 6B76305923350D0300B7FE9B /* KRProgressHUDDemo.app */;
			productType = "com.apple.product-type.application";
		};
/* End PBXNativeTarget section */

/* Begin PBXProject section */
		6B76305123350D0300B7FE9B /* Project object */ = {
			isa = PBXProject;
			attributes = {
				LastSwiftUpdateCheck = 1100;
				LastUpgradeCheck = 1200;
				ORGANIZATIONNAME = Krimpedance;
				TargetAttributes = {
					6B76305823350D0300B7FE9B = {
						CreatedOnToolsVersion = 11.0;
					};
				};
			};
			buildConfigurationList = 6B76305423350D0300B7FE9B /* Build configuration list for PBXProject "KRProgressHUDDemo" */;
			compatibilityVersion = "Xcode 12.0";
			developmentRegion = en;
			hasScannedForEncodings = 0;
			knownRegions = (
				en,
				Base,
			);
			mainGroup = 6B76305023350D0300B7FE9B;
			productRefGroup = 6B76305A23350D0300B7FE9B /* Products */;
			projectDirPath = "";
			projectRoot = "";
			targets = (
				6B76305823350D0300B7FE9B /* KRProgressHUDDemo */,
			);
		};
/* End PBXProject section */

/* Begin PBXResourcesBuildPhase section */
		6B76305723350D0300B7FE9B /* Resources */ = {
			isa = PBXResourcesBuildPhase;
			buildActionMask = 2147483647;
			files = (
				6B76306923350D0500B7FE9B /* LaunchScreen.storyboard in Resources */,
				6B76306623350D0500B7FE9B /* Assets.xcassets in Resources */,
				6B76306423350D0300B7FE9B /* Main.storyboard in Resources */,
				6B76307123350E8200B7FE9B /* image.png in Resources */,
			);
			runOnlyForDeploymentPostprocessing = 0;
		};
/* End PBXResourcesBuildPhase section */

/* Begin PBXShellScriptBuildPhase section */
		856D6333C955BB2D984276C1 /* [CP] Embed Pods Frameworks */ = {
			isa = PBXShellScriptBuildPhase;
			buildActionMask = 2147483647;
			files = (
			);
			inputFileListPaths = (
				"${PODS_ROOT}/Target Support Files/Pods-KRProgressHUDDemo/Pods-KRProgressHUDDemo-frameworks-${CONFIGURATION}-input-files.xcfilelist",
			);
			name = "[CP] Embed Pods Frameworks";
			outputFileListPaths = (
				"${PODS_ROOT}/Target Support Files/Pods-KRProgressHUDDemo/Pods-KRProgressHUDDemo-frameworks-${CONFIGURATION}-output-files.xcfilelist",
			);
			runOnlyForDeploymentPostprocessing = 0;
			shellPath = /bin/sh;
			shellScript = "\"${PODS_ROOT}/Target Support Files/Pods-KRProgressHUDDemo/Pods-KRProgressHUDDemo-frameworks.sh\"\n";
			showEnvVarsInLog = 0;
		};
		EA5DB11A0B3644984D84FC43 /* [CP] Check Pods Manifest.lock */ = {
			isa = PBXShellScriptBuildPhase;
			buildActionMask = 2147483647;
			files = (
			);
			inputFileListPaths = (
			);
			inputPaths = (
				"${PODS_PODFILE_DIR_PATH}/Podfile.lock",
				"${PODS_ROOT}/Manifest.lock",
			);
			name = "[CP] Check Pods Manifest.lock";
			outputFileListPaths = (
			);
			outputPaths = (
				"$(DERIVED_FILE_DIR)/Pods-KRProgressHUDDemo-checkManifestLockResult.txt",
			);
			runOnlyForDeploymentPostprocessing = 0;
			shellPath = /bin/sh;
			shellScript = "diff \"${PODS_PODFILE_DIR_PATH}/Podfile.lock\" \"${PODS_ROOT}/Manifest.lock\" > /dev/null\nif [ $? != 0 ] ; then\n    # print error to STDERR\n    echo \"error: The sandbox is not in sync with the Podfile.lock. Run 'pod install' or update your CocoaPods installation.\" >&2\n    exit 1\nfi\n# This output is used by Xcode 'outputs' to avoid re-running this script phase.\necho \"SUCCESS\" > \"${SCRIPT_OUTPUT_FILE_0}\"\n";
			showEnvVarsInLog = 0;
		};
/* End PBXShellScriptBuildPhase section */

/* Begin PBXSourcesBuildPhase section */
		6B76305523350D0300B7FE9B /* Sources */ = {
			isa = PBXSourcesBuildPhase;
			buildActionMask = 2147483647;
			files = (
				6B76306123350D0300B7FE9B /* ViewController.swift in Sources */,
				6B76305D23350D0300B7FE9B /* AppDelegate.swift in Sources */,
				6B76305F23350D0300B7FE9B /* SceneDelegate.swift in Sources */,
			);
			runOnlyForDeploymentPostprocessing = 0;
		};
/* End PBXSourcesBuildPhase section */

/* Begin PBXVariantGroup section */
		6B76306223350D0300B7FE9B /* Main.storyboard */ = {
			isa = PBXVariantGroup;
			children = (
				6B76306323350D0300B7FE9B /* Base */,
			);
			name = Main.storyboard;
			sourceTree = "<group>";
		};
		6B76306723350D0500B7FE9B /* LaunchScreen.storyboard */ = {
			isa = PBXVariantGroup;
			children = (
				6B76306823350D0500B7FE9B /* Base */,
			);
			name = LaunchScreen.storyboard;
			sourceTree = "<group>";
		};
/* End PBXVariantGroup section */

/* Begin XCBuildConfiguration section */
		6B76306B23350D0500B7FE9B /* Debug */ = {
			isa = XCBuildConfiguration;
			buildSettings = {
				ALWAYS_SEARCH_USER_PATHS = NO;
				CLANG_ANALYZER_NONNULL = YES;
				CLANG_ANALYZER_NUMBER_OBJECT_CONVERSION = YES_AGGRESSIVE;
				CLANG_CXX_LANGUAGE_STANDARD = "gnu++14";
				CLANG_CXX_LIBRARY = "libc++";
				CLANG_ENABLE_MODULES = YES;
				CLANG_ENABLE_OBJC_ARC = YES;
				CLANG_ENABLE_OBJC_WEAK = YES;
				CLANG_WARN_BLOCK_CAPTURE_AUTORELEASING = YES;
				CLANG_WARN_BOOL_CONVERSION = YES;
				CLANG_WARN_COMMA = YES;
				CLANG_WARN_CONSTANT_CONVERSION = YES;
				CLANG_WARN_DEPRECATED_OBJC_IMPLEMENTATIONS = YES;
				CLANG_WARN_DIRECT_OBJC_ISA_USAGE = YES_ERROR;
				CLANG_WARN_DOCUMENTATION_COMMENTS = YES;
				CLANG_WARN_EMPTY_BODY = YES;
				CLANG_WARN_ENUM_CONVERSION = YES;
				CLANG_WARN_INFINITE_RECURSION = YES;
				CLANG_WARN_INT_CONVERSION = YES;
				CLANG_WARN_NON_LITERAL_NULL_CONVERSION = YES;
				CLANG_WARN_OBJC_IMPLICIT_RETAIN_SELF = YES;
				CLANG_WARN_OBJC_LITERAL_CONVERSION = YES;
				CLANG_WARN_OBJC_ROOT_CLASS = YES_ERROR;
				CLANG_WARN_QUOTED_INCLUDE_IN_FRAMEWORK_HEADER = YES;
				CLANG_WARN_RANGE_LOOP_ANALYSIS = YES;
				CLANG_WARN_STRICT_PROTOTYPES = YES;
				CLANG_WARN_SUSPICIOUS_MOVE = YES;
				CLANG_WARN_UNGUARDED_AVAILABILITY = YES_AGGRESSIVE;
				CLANG_WARN_UNREACHABLE_CODE = YES;
				CLANG_WARN__DUPLICATE_METHOD_MATCH = YES;
				COPY_PHASE_STRIP = NO;
				DEBUG_INFORMATION_FORMAT = dwarf;
				ENABLE_STRICT_OBJC_MSGSEND = YES;
				ENABLE_TESTABILITY = YES;
				GCC_C_LANGUAGE_STANDARD = gnu11;
				GCC_DYNAMIC_NO_PIC = NO;
				GCC_NO_COMMON_BLOCKS = YES;
				GCC_OPTIMIZATION_LEVEL = 0;
				GCC_PREPROCESSOR_DEFINITIONS = (
					"DEBUG=1",
					"$(inherited)",
				);
				GCC_WARN_64_TO_32_BIT_CONVERSION = YES;
				GCC_WARN_ABOUT_RETURN_TYPE = YES_ERROR;
				GCC_WARN_UNDECLARED_SELECTOR = YES;
				GCC_WARN_UNINITIALIZED_AUTOS = YES_AGGRESSIVE;
				GCC_WARN_UNUSED_FUNCTION = YES;
				GCC_WARN_UNUSED_VARIABLE = YES;
				IPHONEOS_DEPLOYMENT_TARGET = 13.6;
				MTL_ENABLE_DEBUG_INFO = INCLUDE_SOURCE;
				MTL_FAST_MATH = YES;
				SDKROOT = iphoneos;
				SWIFT_ACTIVE_COMPILATION_CONDITIONS = DEBUG;
				SWIFT_OPTIMIZATION_LEVEL = "-Onone";
			};
			name = Debug;
		};
		6B76306C23350D0500B7FE9B /* Release */ = {
			isa = XCBuildConfiguration;
			buildSettings = {
				ALWAYS_SEARCH_USER_PATHS = NO;
				CLANG_ANALYZER_NONNULL = YES;
				CLANG_ANALYZER_NUMBER_OBJECT_CONVERSION = YES_AGGRESSIVE;
				CLANG_CXX_LANGUAGE_STANDARD = "gnu++14";
				CLANG_CXX_LIBRARY = "libc++";
				CLANG_ENABLE_MODULES = YES;
				CLANG_ENABLE_OBJC_ARC = YES;
				CLANG_ENABLE_OBJC_WEAK = YES;
				CLANG_WARN_BLOCK_CAPTURE_AUTORELEASING = YES;
				CLANG_WARN_BOOL_CONVERSION = YES;
				CLANG_WARN_COMMA = YES;
				CLANG_WARN_CONSTANT_CONVERSION = YES;
				CLANG_WARN_DEPRECATED_OBJC_IMPLEMENTATIONS = YES;
				CLANG_WARN_DIRECT_OBJC_ISA_USAGE = YES_ERROR;
				CLANG_WARN_DOCUMENTATION_COMMENTS = YES;
				CLANG_WARN_EMPTY_BODY = YES;
				CLANG_WARN_ENUM_CONVERSION = YES;
				CLANG_WARN_INFINITE_RECURSION = YES;
				CLANG_WARN_INT_CONVERSION = YES;
				CLANG_WARN_NON_LITERAL_NULL_CONVERSION = YES;
				CLANG_WARN_OBJC_IMPLICIT_RETAIN_SELF = YES;
				CLANG_WARN_OBJC_LITERAL_CONVERSION = YES;
				CLANG_WARN_OBJC_ROOT_CLASS = YES_ERROR;
				CLANG_WARN_QUOTED_INCLUDE_IN_FRAMEWORK_HEADER = YES;
				CLANG_WARN_RANGE_LOOP_ANALYSIS = YES;
				CLANG_WARN_STRICT_PROTOTYPES = YES;
				CLANG_WARN_SUSPICIOUS_MOVE = YES;
				CLANG_WARN_UNGUARDED_AVAILABILITY = YES_AGGRESSIVE;
				CLANG_WARN_UNREACHABLE_CODE = YES;
				CLANG_WARN__DUPLICATE_METHOD_MATCH = YES;
				COPY_PHASE_STRIP = NO;
				DEBUG_INFORMATION_FORMAT = "dwarf-with-dsym";
				ENABLE_NS_ASSERTIONS = NO;
				ENABLE_STRICT_OBJC_MSGSEND = YES;
				GCC_C_LANGUAGE_STANDARD = gnu11;
				GCC_NO_COMMON_BLOCKS = YES;
				GCC_WARN_64_TO_32_BIT_CONVERSION = YES;
				GCC_WARN_ABOUT_RETURN_TYPE = YES_ERROR;
				GCC_WARN_UNDECLARED_SELECTOR = YES;
				GCC_WARN_UNINITIALIZED_AUTOS = YES_AGGRESSIVE;
				GCC_WARN_UNUSED_FUNCTION = YES;
				GCC_WARN_UNUSED_VARIABLE = YES;
				IPHONEOS_DEPLOYMENT_TARGET = 13.6;
				MTL_ENABLE_DEBUG_INFO = NO;
				MTL_FAST_MATH = YES;
				SDKROOT = iphoneos;
				SWIFT_COMPILATION_MODE = wholemodule;
				SWIFT_OPTIMIZATION_LEVEL = "-O";
				VALIDATE_PRODUCT = YES;
			};
			name = Release;
		};
		6B76306E23350D0500B7FE9B /* Debug */ = {
			isa = XCBuildConfiguration;
			baseConfigurationReference = 994DC6EFFEA4B215AAD5F34F /* Pods-KRProgressHUDDemo.debug.xcconfig */;
			buildSettings = {
				ASSETCATALOG_COMPILER_APPICON_NAME = AppIcon;
				CODE_SIGN_STYLE = Automatic;
				CURRENT_PROJECT_VERSION = 3.4.7;
				DEVELOPMENT_TEAM = C9S69ME8A5;
				INFOPLIST_FILE = KRProgressHUDDemo/Info.plist;
				IPHONEOS_DEPLOYMENT_TARGET = 9.0;
				LD_RUNPATH_SEARCH_PATHS = (
					"$(inherited)",
					"@executable_path/Frameworks",
				);
				MARKETING_VERSION = 3.4.7;
				ONLY_ACTIVE_ARCH = YES;
				PRODUCT_BUNDLE_IDENTIFIER = com.krimpedance.KRProgressHUDDemo;
				PRODUCT_NAME = "$(TARGET_NAME)";
				SWIFT_VERSION = 5.0;
				TARGETED_DEVICE_FAMILY = "1,2";
			};
			name = Debug;
		};
		6B76306F23350D0500B7FE9B /* Release */ = {
			isa = XCBuildConfiguration;
			baseConfigurationReference = 9DF5449C0CD963C59EE7D6BE /* Pods-KRProgressHUDDemo.release.xcconfig */;
			buildSettings = {
				ASSETCATALOG_COMPILER_APPICON_NAME = AppIcon;
				CODE_SIGN_STYLE = Automatic;
				CURRENT_PROJECT_VERSION = 3.4.7;
				DEVELOPMENT_TEAM = C9S69ME8A5;
				INFOPLIST_FILE = KRProgressHUDDemo/Info.plist;
				IPHONEOS_DEPLOYMENT_TARGET = 9.0;
				LD_RUNPATH_SEARCH_PATHS = (
					"$(inherited)",
					"@executable_path/Frameworks",
				);
				MARKETING_VERSION = 3.4.7;
				PRODUCT_BUNDLE_IDENTIFIER = com.krimpedance.KRProgressHUDDemo;
				PRODUCT_NAME = "$(TARGET_NAME)";
				SWIFT_VERSION = 5.0;
				TARGETED_DEVICE_FAMILY = "1,2";
			};
			name = Release;
		};
/* End XCBuildConfiguration section */

/* Begin XCConfigurationList section */
		6B76305423350D0300B7FE9B /* Build configuration list for PBXProject "KRProgressHUDDemo" */ = {
			isa = XCConfigurationList;
			buildConfigurations = (
				6B76306B23350D0500B7FE9B /* Debug */,
				6B76306C23350D0500B7FE9B /* Release */,
			);
			defaultConfigurationIsVisible = 0;
			defaultConfigurationName = Release;
		};
		6B76306D23350D0500B7FE9B /* Build configuration list for PBXNativeTarget "KRProgressHUDDemo" */ = {
			isa = XCConfigurationList;
			buildConfigurations = (
				6B76306E23350D0500B7FE9B /* Debug */,
				6B76306F23350D0500B7FE9B /* Release */,
			);
			defaultConfigurationIsVisible = 0;
			defaultConfigurationName = Release;
		};
/* End XCConfigurationList section */
	};
	rootObject = 6B76305123350D0300B7FE9B /* Project object */;
}
