PODS:
  - KRActivityIndicatorView (3.0.7)
  - KRProgressHUD (3.4.7):
    - KRActivityIndicatorView (= 3.0.7)

DEPENDENCIES:
  - KRProgressHUD (from `../KRProgressHUD.podspec`)

SPEC REPOS:
  trunk:
    - KRActivityIndicatorView

EXTERNAL SOURCES:
  KRProgressHUD:
    :path: "../KRProgressHUD.podspec"

SPEC CHECKSUMS:
  KRActivityIndicatorView: ad69e89c4ce40c986cf580595be4829dcad0e35a
  KRProgressHUD: a248f0bc6c9c2aed40a37b76e03ffecc7f85c887

PODFILE CHECKSUM: 6936947bdd0925c7db3328f5a5efc1af4f95ec02

COCOAPODS: 1.9.3
