PODS:
  - KRActivityIndicatorView (3.0.6)
  - KRProgressHUD (3.4.6):
    - KRActivityIndicatorView (= 3.0.6)

DEPENDENCIES:
  - KRProgressHUD (from `../KRProgressHUD.podspec`)

SPEC REPOS:
  trunk:
    - KRActivityIndicatorView

EXTERNAL SOURCES:
  KRProgressHUD:
    :path: "../KRProgressHUD.podspec"

SPEC CHECKSUMS:
  KRActivityIndicatorView: efaa076d1f800c4511b324ae86df8feebcd76323
  KRProgressHUD: 78d3c810269f8912f9d20c36b5702694ffba1645

PODFILE CHECKSUM: 6936947bdd0925c7db3328f5a5efc1af4f95ec02

COCOAPODS: 1.9.3
