PODS:
  - KRActivityIndicatorView (3.0.5)
  - KRProgressHUD (4.0.0):
    - KRActivityIndicatorView (= 3.0.5)

DEPENDENCIES:
  - KRProgressHUD (from `../KRProgressHUD.podspec`)

SPEC REPOS:
  https://github.com/CocoaPods/Specs.git:
    - KRActivityIndicatorView

EXTERNAL SOURCES:
  KRProgressHUD:
    :path: "../KRProgressHUD.podspec"

SPEC CHECKSUMS:
  KRActivityIndicatorView: 912bc0413d98340f384b12a4e1e6aa8f42fb377d
  KRProgressHUD: 0aaad1562c0c5ee340cfdb190771ce2ee3832b6a

PODFILE CHECKSUM: 7afe509ccdefc37bcaa155ee183c536ab352c104

COCOAPODS: 1.10.0.rc.1
